// !$*UTF8*$!
{
	archiveVersion = 1;
	classes = {
	};
	objectVersion = 46;
	objects = {

/* Begin PBXBuildFile section */
		8458FD0E1DD3083F008971B3 /* AppDelegate.swift in Sources */ = {isa = PBXBuildFile; fileRef = 8458FD0D1DD3083F008971B3 /* AppDelegate.swift */; };
		8458FD101DD3083F008971B3 /* ViewController.swift in Sources */ = {isa = PBXBuildFile; fileRef = 8458FD0F1DD3083F008971B3 /* ViewController.swift */; };
		8458FD131DD3083F008971B3 /* Main.storyboard in Resources */ = {isa = PBXBuildFile; fileRef = 8458FD111DD3083F008971B3 /* Main.storyboard */; };
		8458FD151DD3083F008971B3 /* Assets.xcassets in Resources */ = {isa = PBXBuildFile; fileRef = 8458FD141DD3083F008971B3 /* Assets.xcassets */; };
		8458FD181DD3083F008971B3 /* LaunchScreen.storyboard in Resources */ = {isa = PBXBuildFile; fileRef = 8458FD161DD3083F008971B3 /* LaunchScreen.storyboard */; };
		8458FD231DD3083F008971B3 /* EDXDummyAppTests.swift in Sources */ = {isa = PBXBuildFile; fileRef = 8458FD221DD3083F008971B3 /* EDXDummyAppTests.swift */; };
		8458FD2E1DD30840008971B3 /* EDXDummyAppUITests.swift in Sources */ = {isa = PBXBuildFile; fileRef = 8458FD2D1DD30840008971B3 /* EDXDummyAppUITests.swift */; };
/* End PBXBuildFile section */

/* Begin PBXContainerItemProxy section */
		8458FD1F1DD3083F008971B3 /* PBXContainerItemProxy */ = {
			isa = PBXContainerItemProxy;
			containerPortal = 8458FD021DD3083F008971B3 /* Project object */;
			proxyType = 1;
			remoteGlobalIDString = 8458FD091DD3083F008971B3;
			remoteInfo = EDXDummyApp;
		};
		8458FD2A1DD3083F008971B3 /* PBXContainerItemProxy */ = {
			isa = PBXContainerItemProxy;
			containerPortal = 8458FD021DD3083F008971B3 /* Project object */;
			proxyType = 1;
			remoteGlobalIDString = 8458FD091DD3083F008971B3;
			remoteInfo = EDXDummyApp;
		};
/* End PBXContainerItemProxy section */

/* Begin PBXFileReference section */
		8458FD0A1DD3083F008971B3 /* EDXDummyApp.app */ = {isa = PBXFileReference; explicitFileType = wrapper.application; includeInIndex = 0; path = EDXDummyApp.app; sourceTree = BUILT_PRODUCTS_DIR; };
		8458FD0D1DD3083F008971B3 /* AppDelegate.swift */ = {isa = PBXFileReference; lastKnownFileType = sourcecode.swift; path = AppDelegate.swift; sourceTree = "<group>"; };
		8458FD0F1DD3083F008971B3 /* ViewController.swift */ = {isa = PBXFileReference; lastKnownFileType = sourcecode.swift; path = ViewController.swift; sourceTree = "<group>"; };
		8458FD121DD3083F008971B3 /* Base */ = {isa = PBXFileReference; lastKnownFileType = file.storyboard; name = Base; path = Base.lproj/Main.storyboard; sourceTree = "<group>"; };
		8458FD141DD3083F008971B3 /* Assets.xcassets */ = {isa = PBXFileReference; lastKnownFileType = folder.assetcatalog; path = Assets.xcassets; sourceTree = "<group>"; };
		8458FD171DD3083F008971B3 /* Base */ = {isa = PBXFileReference; lastKnownFileType = file.storyboard; name = Base; path = Base.lproj/LaunchScreen.storyboard; sourceTree = "<group>"; };
		8458FD191DD3083F008971B3 /* Info.plist */ = {isa = PBXFileReference; lastKnownFileType = text.plist.xml; path = Info.plist; sourceTree = "<group>"; };
		8458FD1E1DD3083F008971B3 /* EDXDummyAppTests.xctest */ = {isa = PBXFileReference; explicitFileType = wrapper.cfbundle; includeInIndex = 0; path = EDXDummyAppTests.xctest; sourceTree = BUILT_PRODUCTS_DIR; };
		8458FD221DD3083F008971B3 /* EDXDummyAppTests.swift */ = {isa = PBXFileReference; lastKnownFileType = sourcecode.swift; path = EDXDummyAppTests.swift; sourceTree = "<group>"; };
		8458FD241DD3083F008971B3 /* Info.plist */ = {isa = PBXFileReference; lastKnownFileType = text.plist.xml; path = Info.plist; sourceTree = "<group>"; };
		8458FD291DD3083F008971B3 /* EDXDummyAppUITests.xctest */ = {isa = PBXFileReference; explicitFileType = wrapper.cfbundle; includeInIndex = 0; path = EDXDummyAppUITests.xctest; sourceTree = BUILT_PRODUCTS_DIR; };
		8458FD2D1DD30840008971B3 /* EDXDummyAppUITests.swift */ = {isa = PBXFileReference; lastKnownFileType = sourcecode.swift; path = EDXDummyAppUITests.swift; sourceTree = "<group>"; };
		8458FD2F1DD30840008971B3 /* Info.plist */ = {isa = PBXFileReference; lastKnownFileType = text.plist.xml; path = Info.plist; sourceTree = "<group>"; };
/* End PBXFileReference section */

/* Begin PBXFrameworksBuildPhase section */
		8458FD071DD3083F008971B3 /* Frameworks */ = {
			isa = PBXFrameworksBuildPhase;
			buildActionMask = 2147483647;
			files = (
			);
			runOnlyForDeploymentPostprocessing = 0;
		};
		8458FD1B1DD3083F008971B3 /* Frameworks */ = {
			isa = PBXFrameworksBuildPhase;
			buildActionMask = 2147483647;
			files = (
			);
			runOnlyForDeploymentPostprocessing = 0;
		};
		8458FD261DD3083F008971B3 /* Frameworks */ = {
			isa = PBXFrameworksBuildPhase;
			buildActionMask = 2147483647;
			files = (
			);
			runOnlyForDeploymentPostprocessing = 0;
		};
/* End PBXFrameworksBuildPhase section */

/* Begin PBXGroup section */
		8458FD011DD3083F008971B3 = {
			isa = PBXGroup;
			children = (
				8458FD0C1DD3083F008971B3 /* EDXDummyApp */,
				8458FD211DD3083F008971B3 /* EDXDummyAppTests */,
				8458FD2C1DD3083F008971B3 /* EDXDummyAppUITests */,
				8458FD0B1DD3083F008971B3 /* Products */,
			);
			sourceTree = "<group>";
		};
		8458FD0B1DD3083F008971B3 /* Products */ = {
			isa = PBXGroup;
			children = (
				8458FD0A1DD3083F008971B3 /* EDXDummyApp.app */,
				8458FD1E1DD3083F008971B3 /* EDXDummyAppTests.xctest */,
				8458FD291DD3083F008971B3 /* EDXDummyAppUITests.xctest */,
			);
			name = Products;
			sourceTree = "<group>";
		};
		8458FD0C1DD3083F008971B3 /* EDXDummyApp */ = {
			isa = PBXGroup;
			children = (
				8458FD0D1DD3083F008971B3 /* AppDelegate.swift */,
				8458FD0F1DD3083F008971B3 /* ViewController.swift */,
				8458FD111DD3083F008971B3 /* Main.storyboard */,
				8458FD141DD3083F008971B3 /* Assets.xcassets */,
				8458FD161DD3083F008971B3 /* LaunchScreen.storyboard */,
				8458FD191DD3083F008971B3 /* Info.plist */,
			);
			path = EDXDummyApp;
			sourceTree = "<group>";
		};
		8458FD211DD3083F008971B3 /* EDXDummyAppTests */ = {
			isa = PBXGroup;
			children = (
				8458FD221DD3083F008971B3 /* EDXDummyAppTests.swift */,
				8458FD241DD3083F008971B3 /* Info.plist */,
			);
			path = EDXDummyAppTests;
			sourceTree = "<group>";
		};
		8458FD2C1DD3083F008971B3 /* EDXDummyAppUITests */ = {
			isa = PBXGroup;
			children = (
				8458FD2D1DD30840008971B3 /* EDXDummyAppUITests.swift */,
				8458FD2F1DD30840008971B3 /* Info.plist */,
			);
			path = EDXDummyAppUITests;
			sourceTree = "<group>";
		};
/* End PBXGroup section */

/* Begin PBXNativeTarget section */
		8458FD091DD3083F008971B3 /* EDXDummyApp */ = {
			isa = PBXNativeTarget;
			buildConfigurationList = 8458FD321DD30840008971B3 /* Build configuration list for PBXNativeTarget "EDXDummyApp" */;
			buildPhases = (
				8458FD061DD3083F008971B3 /* Sources */,
				8458FD071DD3083F008971B3 /* Frameworks */,
				8458FD081DD3083F008971B3 /* Resources */,
			);
			buildRules = (
			);
			dependencies = (
			);
			name = EDXDummyApp;
			productName = EDXDummyApp;
			productReference = 8458FD0A1DD3083F008971B3 /* EDXDummyApp.app */;
			productType = "com.apple.product-type.application";
		};
		8458FD1D1DD3083F008971B3 /* EDXDummyAppTests */ = {
			isa = PBXNativeTarget;
			buildConfigurationList = 8458FD351DD30840008971B3 /* Build configuration list for PBXNativeTarget "EDXDummyAppTests" */;
			buildPhases = (
				8458FD1A1DD3083F008971B3 /* Sources */,
				8458FD1B1DD3083F008971B3 /* Frameworks */,
				8458FD1C1DD3083F008971B3 /* Resources */,
			);
			buildRules = (
			);
			dependencies = (
				8458FD201DD3083F008971B3 /* PBXTargetDependency */,
			);
			name = EDXDummyAppTests;
			productName = EDXDummyAppTests;
			productReference = 8458FD1E1DD3083F008971B3 /* EDXDummyAppTests.xctest */;
			productType = "com.apple.product-type.bundle.unit-test";
		};
		8458FD281DD3083F008971B3 /* EDXDummyAppUITests */ = {
			isa = PBXNativeTarget;
			buildConfigurationList = 8458FD381DD30840008971B3 /* Build configuration list for PBXNativeTarget "EDXDummyAppUITests" */;
			buildPhases = (
				8458FD251DD3083F008971B3 /* Sources */,
				8458FD261DD3083F008971B3 /* Frameworks */,
				8458FD271DD3083F008971B3 /* Resources */,
			);
			buildRules = (
			);
			dependencies = (
				8458FD2B1DD3083F008971B3 /* PBXTargetDependency */,
			);
			name = EDXDummyAppUITests;
			productName = EDXDummyAppUITests;
			productReference = 8458FD291DD3083F008971B3 /* EDXDummyAppUITests.xctest */;
			productType = "com.apple.product-type.bundle.ui-testing";
		};
/* End PBXNativeTarget section */

/* Begin PBXProject section */
		8458FD021DD3083F008971B3 /* Project object */ = {
			isa = PBXProject;
			attributes = {
				LastSwiftUpdateCheck = 0730;
				LastUpgradeCheck = 0730;
				ORGANIZATIONNAME = admin;
				TargetAttributes = {
					8458FD091DD3083F008971B3 = {
						CreatedOnToolsVersion = 7.3.1;
						DevelopmentTeam = 2PM5WY4P2M;
						LastSwiftMigration = 0810;
					};
					8458FD1D1DD3083F008971B3 = {
						CreatedOnToolsVersion = 7.3.1;
						DevelopmentTeam = 55345WFBE4;
						LastSwiftMigration = 0810;
						TestTargetID = 8458FD091DD3083F008971B3;
					};
					8458FD281DD3083F008971B3 = {
						CreatedOnToolsVersion = 7.3.1;
						DevelopmentTeam = 55345WFBE4;
						LastSwiftMigration = 0810;
						TestTargetID = 8458FD091DD3083F008971B3;
					};
				};
			};
			buildConfigurationList = 8458FD051DD3083F008971B3 /* Build configuration list for PBXProject "EDXDummyApp" */;
			compatibilityVersion = "Xcode 3.2";
			developmentRegion = English;
			hasScannedForEncodings = 0;
			knownRegions = (
				en,
				Base,
			);
			mainGroup = 8458FD011DD3083F008971B3;
			productRefGroup = 8458FD0B1DD3083F008971B3 /* Products */;
			projectDirPath = "";
			projectRoot = "";
			targets = (
				8458FD091DD3083F008971B3 /* EDXDummyApp */,
				8458FD1D1DD3083F008971B3 /* EDXDummyAppTests */,
				8458FD281DD3083F008971B3 /* EDXDummyAppUITests */,
			);
		};
/* End PBXProject section */

/* Begin PBXResourcesBuildPhase section */
		8458FD081DD3083F008971B3 /* Resources */ = {
			isa = PBXResourcesBuildPhase;
			buildActionMask = 2147483647;
			files = (
				8458FD181DD3083F008971B3 /* LaunchScreen.storyboard in Resources */,
				8458FD151DD3083F008971B3 /* Assets.xcassets in Resources */,
				8458FD131DD3083F008971B3 /* Main.storyboard in Resources */,
			);
			runOnlyForDeploymentPostprocessing = 0;
		};
		8458FD1C1DD3083F008971B3 /* Resources */ = {
			isa = PBXResourcesBuildPhase;
			buildActionMask = 2147483647;
			files = (
			);
			runOnlyForDeploymentPostprocessing = 0;
		};
		8458FD271DD3083F008971B3 /* Resources */ = {
			isa = PBXResourcesBuildPhase;
			buildActionMask = 2147483647;
			files = (
			);
			runOnlyForDeploymentPostprocessing = 0;
		};
/* End PBXResourcesBuildPhase section */

/* Begin PBXSourcesBuildPhase section */
		8458FD061DD3083F008971B3 /* Sources */ = {
			isa = PBXSourcesBuildPhase;
			buildActionMask = 2147483647;
			files = (
				8458FD101DD3083F008971B3 /* ViewController.swift in Sources */,
				8458FD0E1DD3083F008971B3 /* AppDelegate.swift in Sources */,
			);
			runOnlyForDeploymentPostprocessing = 0;
		};
		8458FD1A1DD3083F008971B3 /* Sources */ = {
			isa = PBXSourcesBuildPhase;
			buildActionMask = 2147483647;
			files = (
				8458FD231DD3083F008971B3 /* EDXDummyAppTests.swift in Sources */,
			);
			runOnlyForDeploymentPostprocessing = 0;
		};
		8458FD251DD3083F008971B3 /* Sources */ = {
			isa = PBXSourcesBuildPhase;
			buildActionMask = 2147483647;
			files = (
				8458FD2E1DD30840008971B3 /* EDXDummyAppUITests.swift in Sources */,
			);
			runOnlyForDeploymentPostprocessing = 0;
		};
/* End PBXSourcesBuildPhase section */

/* Begin PBXTargetDependency section */
		8458FD201DD3083F008971B3 /* PBXTargetDependency */ = {
			isa = PBXTargetDependency;
			target = 8458FD091DD3083F008971B3 /* EDXDummyApp */;
			targetProxy = 8458FD1F1DD3083F008971B3 /* PBXContainerItemProxy */;
		};
		8458FD2B1DD3083F008971B3 /* PBXTargetDependency */ = {
			isa = PBXTargetDependency;
			target = 8458FD091DD3083F008971B3 /* EDXDummyApp */;
			targetProxy = 8458FD2A1DD3083F008971B3 /* PBXContainerItemProxy */;
		};
/* End PBXTargetDependency section */

/* Begin PBXVariantGroup section */
		8458FD111DD3083F008971B3 /* Main.storyboard */ = {
			isa = PBXVariantGroup;
			children = (
				8458FD121DD3083F008971B3 /* Base */,
			);
			name = Main.storyboard;
			sourceTree = "<group>";
		};
		8458FD161DD3083F008971B3 /* LaunchScreen.storyboard */ = {
			isa = PBXVariantGroup;
			children = (
				8458FD171DD3083F008971B3 /* Base */,
			);
			name = LaunchScreen.storyboard;
			sourceTree = "<group>";
		};
/* End PBXVariantGroup section */

/* Begin XCBuildConfiguration section */
		8458FD301DD30840008971B3 /* Debug */ = {
			isa = XCBuildConfiguration;
			buildSettings = {
				ALWAYS_SEARCH_USER_PATHS = NO;
				CLANG_ANALYZER_NONNULL = YES;
				CLANG_CXX_LANGUAGE_STANDARD = "gnu++0x";
				CLANG_CXX_LIBRARY = "libc++";
				CLANG_ENABLE_MODULES = YES;
				CLANG_ENABLE_OBJC_ARC = YES;
				CLANG_WARN_BOOL_CONVERSION = YES;
				CLANG_WARN_CONSTANT_CONVERSION = YES;
				CLANG_WARN_DIRECT_OBJC_ISA_USAGE = YES_ERROR;
				CLANG_WARN_EMPTY_BODY = YES;
				CLANG_WARN_ENUM_CONVERSION = YES;
				CLANG_WARN_INT_CONVERSION = YES;
				CLANG_WARN_OBJC_ROOT_CLASS = YES_ERROR;
				CLANG_WARN_UNREACHABLE_CODE = YES;
				CLANG_WARN__DUPLICATE_METHOD_MATCH = YES;
				"CODE_SIGN_IDENTITY[sdk=iphoneos*]" = "iPhone Developer";
				COPY_PHASE_STRIP = NO;
				DEBUG_INFORMATION_FORMAT = dwarf;
				ENABLE_STRICT_OBJC_MSGSEND = YES;
				ENABLE_TESTABILITY = YES;
				GCC_C_LANGUAGE_STANDARD = gnu99;
				GCC_DYNAMIC_NO_PIC = NO;
				GCC_NO_COMMON_BLOCKS = YES;
				GCC_OPTIMIZATION_LEVEL = 0;
				GCC_PREPROCESSOR_DEFINITIONS = (
					"DEBUG=1",
					"$(inherited)",
				);
				GCC_WARN_64_TO_32_BIT_CONVERSION = YES;
				GCC_WARN_ABOUT_RETURN_TYPE = YES_ERROR;
				GCC_WARN_UNDECLARED_SELECTOR = YES;
				GCC_WARN_UNINITIALIZED_AUTOS = YES_AGGRESSIVE;
				GCC_WARN_UNUSED_FUNCTION = YES;
				GCC_WARN_UNUSED_VARIABLE = YES;
				IPHONEOS_DEPLOYMENT_TARGET = 9.3;
				MTL_ENABLE_DEBUG_INFO = YES;
				ONLY_ACTIVE_ARCH = YES;
				SDKROOT = iphoneos;
				SWIFT_OPTIMIZATION_LEVEL = "-Onone";
				TARGETED_DEVICE_FAMILY = "1,2";
			};
			name = Debug;
		};
		8458FD311DD30840008971B3 /* Release */ = {
			isa = XCBuildConfiguration;
			buildSettings = {
				ALWAYS_SEARCH_USER_PATHS = NO;
				CLANG_ANALYZER_NONNULL = YES;
				CLANG_CXX_LANGUAGE_STANDARD = "gnu++0x";
				CLANG_CXX_LIBRARY = "libc++";
				CLANG_ENABLE_MODULES = YES;
				CLANG_ENABLE_OBJC_ARC = YES;
				CLANG_WARN_BOOL_CONVERSION = YES;
				CLANG_WARN_CONSTANT_CONVERSION = YES;
				CLANG_WARN_DIRECT_OBJC_ISA_USAGE = YES_ERROR;
				CLANG_WARN_EMPTY_BODY = YES;
				CLANG_WARN_ENUM_CONVERSION = YES;
				CLANG_WARN_INT_CONVERSION = YES;
				CLANG_WARN_OBJC_ROOT_CLASS = YES_ERROR;
				CLANG_WARN_UNREACHABLE_CODE = YES;
				CLANG_WARN__DUPLICATE_METHOD_MATCH = YES;
				"CODE_SIGN_IDENTITY[sdk=iphoneos*]" = "iPhone Developer";
				COPY_PHASE_STRIP = NO;
				DEBUG_INFORMATION_FORMAT = "dwarf-with-dsym";
				ENABLE_NS_ASSERTIONS = NO;
				ENABLE_STRICT_OBJC_MSGSEND = YES;
				GCC_C_LANGUAGE_STANDARD = gnu99;
				GCC_NO_COMMON_BLOCKS = YES;
				GCC_WARN_64_TO_32_BIT_CONVERSION = YES;
				GCC_WARN_ABOUT_RETURN_TYPE = YES_ERROR;
				GCC_WARN_UNDECLARED_SELECTOR = YES;
				GCC_WARN_UNINITIALIZED_AUTOS = YES_AGGRESSIVE;
				GCC_WARN_UNUSED_FUNCTION = YES;
				GCC_WARN_UNUSED_VARIABLE = YES;
				IPHONEOS_DEPLOYMENT_TARGET = 9.3;
				MTL_ENABLE_DEBUG_INFO = NO;
				SDKROOT = iphoneos;
				TARGETED_DEVICE_FAMILY = "1,2";
				VALIDATE_PRODUCT = YES;
			};
			name = Release;
		};
		8458FD331DD30840008971B3 /* Debug */ = {
			isa = XCBuildConfiguration;
			buildSettings = {
				ASSETCATALOG_COMPILER_APPICON_NAME = AppIcon;
				CODE_SIGN_IDENTITY = "iPhone Developer";
				"CODE_SIGN_IDENTITY[sdk=iphoneos*]" = "iPhone Developer";
				DEVELOPMENT_TEAM = 2PM5WY4P2M;
				INFOPLIST_FILE = EDXDummyApp/Info.plist;
				LD_RUNPATH_SEARCH_PATHS = "$(inherited) @executable_path/Frameworks";
				PRODUCT_BUNDLE_IDENTIFIER = com.asmltd.EDXDummyApp;
				PRODUCT_NAME = "$(TARGET_NAME)";
				PROVISIONING_PROFILE = "";
				SWIFT_VERSION = 3.0;
			};
			name = Debug;
		};
		8458FD341DD30840008971B3 /* Release */ = {
			isa = XCBuildConfiguration;
			buildSettings = {
				ASSETCATALOG_COMPILER_APPICON_NAME = AppIcon;
				CODE_SIGN_IDENTITY = "iPhone Developer";
				"CODE_SIGN_IDENTITY[sdk=iphoneos*]" = "iPhone Developer";
				DEVELOPMENT_TEAM = 2PM5WY4P2M;
				INFOPLIST_FILE = EDXDummyApp/Info.plist;
				LD_RUNPATH_SEARCH_PATHS = "$(inherited) @executable_path/Frameworks";
				PRODUCT_BUNDLE_IDENTIFIER = com.asmltd.EDXDummyApp;
				PRODUCT_NAME = "$(TARGET_NAME)";
				PROVISIONING_PROFILE = "";
				SWIFT_VERSION = 3.0;
			};
			name = Release;
		};
		8458FD361DD30840008971B3 /* Debug */ = {
			isa = XCBuildConfiguration;
			buildSettings = {
				BUNDLE_LOADER = "$(TEST_HOST)";
				INFOPLIST_FILE = EDXDummyAppTests/Info.plist;
				LD_RUNPATH_SEARCH_PATHS = "$(inherited) @executable_path/Frameworks @loader_path/Frameworks";
				PRODUCT_BUNDLE_IDENTIFIER = com.edx.com.EDXDummyAppTests;
				PRODUCT_NAME = "$(TARGET_NAME)";
				SWIFT_VERSION = 3.0;
				TEST_HOST = "$(BUILT_PRODUCTS_DIR)/EDXDummyApp.app/EDXDummyApp";
			};
			name = Debug;
		};
		8458FD371DD30840008971B3 /* Release */ = {
			isa = XCBuildConfiguration;
			buildSettings = {
				BUNDLE_LOADER = "$(TEST_HOST)";
				INFOPLIST_FILE = EDXDummyAppTests/Info.plist;
				LD_RUNPATH_SEARCH_PATHS = "$(inherited) @executable_path/Frameworks @loader_path/Frameworks";
				PRODUCT_BUNDLE_IDENTIFIER = com.edx.com.EDXDummyAppTests;
				PRODUCT_NAME = "$(TARGET_NAME)";
				SWIFT_VERSION = 3.0;
				TEST_HOST = "$(BUILT_PRODUCTS_DIR)/EDXDummyApp.app/EDXDummyApp";
			};
			name = Release;
		};
		8458FD391DD30840008971B3 /* Debug */ = {
			isa = XCBuildConfiguration;
			buildSettings = {
				INFOPLIST_FILE = EDXDummyAppUITests/Info.plist;
				LD_RUNPATH_SEARCH_PATHS = "$(inherited) @executable_path/Frameworks @loader_path/Frameworks";
				PRODUCT_BUNDLE_IDENTIFIER = com.edx.com.EDXDummyAppUITests;
				PRODUCT_NAME = "$(TARGET_NAME)";
				SWIFT_VERSION = 3.0;
				TEST_TARGET_NAME = EDXDummyApp;
			};
			name = Debug;
		};
		8458FD3A1DD30840008971B3 /* Release */ = {
			isa = XCBuildConfiguration;
			buildSettings = {
				INFOPLIST_FILE = EDXDummyAppUITests/Info.plist;
				LD_RUNPATH_SEARCH_PATHS = "$(inherited) @executable_path/Frameworks @loader_path/Frameworks";
				PRODUCT_BUNDLE_IDENTIFIER = com.edx.com.EDXDummyAppUITests;
				PRODUCT_NAME = "$(TARGET_NAME)";
				SWIFT_VERSION = 3.0;
				TEST_TARGET_NAME = EDXDummyApp;
			};
			name = Release;
		};
/* End XCBuildConfiguration section */

/* Begin XCConfigurationList section */
		8458FD051DD3083F008971B3 /* Build configuration list for PBXProject "EDXDummyApp" */ = {
			isa = XCConfigurationList;
			buildConfigurations = (
				8458FD301DD30840008971B3 /* Debug */,
				8458FD311DD30840008971B3 /* Release */,
			);
			defaultConfigurationIsVisible = 0;
			defaultConfigurationName = Release;
		};
		8458FD321DD30840008971B3 /* Build configuration list for PBXNativeTarget "EDXDummyApp" */ = {
			isa = XCConfigurationList;
			buildConfigurations = (
				8458FD331DD30840008971B3 /* Debug */,
				8458FD341DD30840008971B3 /* Release */,
			);
			defaultConfigurationIsVisible = 0;
			defaultConfigurationName = Release;
		};
		8458FD351DD30840008971B3 /* Build configuration list for PBXNativeTarget "EDXDummyAppTests" */ = {
			isa = XCConfigurationList;
			buildConfigurations = (
				8458FD361DD30840008971B3 /* Debug */,
				8458FD371DD30840008971B3 /* Release */,
			);
			defaultConfigurationIsVisible = 0;
			defaultConfigurationName = Release;
		};
		8458FD381DD30840008971B3 /* Build configuration list for PBXNativeTarget "EDXDummyAppUITests" */ = {
			isa = XCConfigurationList;
			buildConfigurations = (
				8458FD391DD30840008971B3 /* Debug */,
				8458FD3A1DD30840008971B3 /* Release */,
			);
			defaultConfigurationIsVisible = 0;
			defaultConfigurationName = Release;
		};
/* End XCConfigurationList section */
	};
	rootObject = 8458FD021DD3083F008971B3 /* Project object */;
}
